// !$*UTF8*$!
{
	archiveVersion = 1;
	classes = {
	};
	objectVersion = 50;
	objects = {

/* Begin PBXBuildFile section */
		62281CEE25C3BDF8007AC435 /* AppDelegate.swift in Sources */ = {isa = PBXBuildFile; fileRef = 62281CED25C3BDF8007AC435 /* AppDelegate.swift */; };
		62281CF025C3BDF8007AC435 /* SceneDelegate.swift in Sources */ = {isa = PBXBuildFile; fileRef = 62281CEF25C3BDF8007AC435 /* SceneDelegate.swift */; };
		62281CF225C3BDF8007AC435 /* ViewController.swift in Sources */ = {isa = PBXBuildFile; fileRef = 62281CF125C3BDF8007AC435 /* ViewController.swift */; };
		62281CF525C3BDF8007AC435 /* Main.storyboard in Resources */ = {isa = PBXBuildFile; fileRef = 62281CF325C3BDF8007AC435 /* Main.storyboard */; };
		62281CF725C3BDF9007AC435 /* Assets.xcassets in Resources */ = {isa = PBXBuildFile; fileRef = 62281CF625C3BDF9007AC435 /* Assets.xcassets */; };
		62281CFA25C3BDF9007AC435 /* LaunchScreen.storyboard in Resources */ = {isa = PBXBuildFile; fileRef = 62281CF825C3BDF9007AC435 /* LaunchScreen.storyboard */; };
		62281D0525C3BF16007AC435 /* Breed.swift in Sources */ = {isa = PBXBuildFile; fileRef = 62281D0425C3BF16007AC435 /* Breed.swift */; };
		62281D0825C3BF28007AC435 /* SubBreedController.swift in Sources */ = {isa = PBXBuildFile; fileRef = 62281D0725C3BF28007AC435 /* SubBreedController.swift */; };
		62281D0B25C3BF3F007AC435 /* SubBreedImageTableViewCell.swift in Sources */ = {isa = PBXBuildFile; fileRef = 62281D0A25C3BF3F007AC435 /* SubBreedImageTableViewCell.swift */; };
		62281D0E25C3BF57007AC435 /* SubBreedImagesTableViewController.swift in Sources */ = {isa = PBXBuildFile; fileRef = 62281D0D25C3BF57007AC435 /* SubBreedImagesTableViewController.swift */; };
		62281D1125C3BF67007AC435 /* SubBreedListTableViewController.swift in Sources */ = {isa = PBXBuildFile; fileRef = 62281D1025C3BF67007AC435 /* SubBreedListTableViewController.swift */; };
		62281D1425C3BF74007AC435 /* BreedListTableViewController.swift in Sources */ = {isa = PBXBuildFile; fileRef = 62281D1325C3BF74007AC435 /* BreedListTableViewController.swift */; };
		62281D1725C3C015007AC435 /* NetworkError.swift in Sources */ = {isa = PBXBuildFile; fileRef = 62281D1625C3C015007AC435 /* NetworkError.swift */; };
/* End PBXBuildFile section */

/* Begin PBXFileReference section */
		62281CEA25C3BDF8007AC435 /* DogBreedsApp.app */ = {isa = PBXFileReference; explicitFileType = wrapper.application; includeInIndex = 0; path = DogBreedsApp.app; sourceTree = BUILT_PRODUCTS_DIR; };
		62281CED25C3BDF8007AC435 /* AppDelegate.swift */ = {isa = PBXFileReference; lastKnownFileType = sourcecode.swift; path = AppDelegate.swift; sourceTree = "<group>"; };
		62281CEF25C3BDF8007AC435 /* SceneDelegate.swift */ = {isa = PBXFileReference; lastKnownFileType = sourcecode.swift; path = SceneDelegate.swift; sourceTree = "<group>"; };
		62281CF125C3BDF8007AC435 /* ViewController.swift */ = {isa = PBXFileReference; lastKnownFileType = sourcecode.swift; path = ViewController.swift; sourceTree = "<group>"; };
		62281CF425C3BDF8007AC435 /* Base */ = {isa = PBXFileReference; lastKnownFileType = file.storyboard; name = Base; path = Base.lproj/Main.storyboard; sourceTree = "<group>"; };
		62281CF625C3BDF9007AC435 /* Assets.xcassets */ = {isa = PBXFileReference; lastKnownFileType = folder.assetcatalog; path = Assets.xcassets; sourceTree = "<group>"; };
		62281CF925C3BDF9007AC435 /* Base */ = {isa = PBXFileReference; lastKnownFileType = file.storyboard; name = Base; path = Base.lproj/LaunchScreen.storyboard; sourceTree = "<group>"; };
		62281CFB25C3BDF9007AC435 /* Info.plist */ = {isa = PBXFileReference; lastKnownFileType = text.plist.xml; path = Info.plist; sourceTree = "<group>"; };
		62281D0425C3BF16007AC435 /* Breed.swift */ = {isa = PBXFileReference; lastKnownFileType = sourcecode.swift; path = Breed.swift; sourceTree = "<group>"; };
		62281D0725C3BF28007AC435 /* SubBreedController.swift */ = {isa = PBXFileReference; lastKnownFileType = sourcecode.swift; path = SubBreedController.swift; sourceTree = "<group>"; };
		62281D0A25C3BF3F007AC435 /* SubBreedImageTableViewCell.swift */ = {isa = PBXFileReference; lastKnownFileType = sourcecode.swift; path = SubBreedImageTableViewCell.swift; sourceTree = "<group>"; };
		62281D0D25C3BF57007AC435 /* SubBreedImagesTableViewController.swift */ = {isa = PBXFileReference; lastKnownFileType = sourcecode.swift; path = SubBreedImagesTableViewController.swift; sourceTree = "<group>"; };
		62281D1025C3BF67007AC435 /* SubBreedListTableViewController.swift */ = {isa = PBXFileReference; lastKnownFileType = sourcecode.swift; path = SubBreedListTableViewController.swift; sourceTree = "<group>"; };
		62281D1325C3BF74007AC435 /* BreedListTableViewController.swift */ = {isa = PBXFileReference; lastKnownFileType = sourcecode.swift; path = BreedListTableViewController.swift; sourceTree = "<group>"; };
		62281D1625C3C015007AC435 /* NetworkError.swift */ = {isa = PBXFileReference; lastKnownFileType = sourcecode.swift; path = NetworkError.swift; sourceTree = "<group>"; };
/* End PBXFileReference section */

/* Begin PBXFrameworksBuildPhase section */
		62281CE725C3BDF8007AC435 /* Frameworks */ = {
			isa = PBXFrameworksBuildPhase;
			buildActionMask = 2147483647;
			files = (
			);
			runOnlyForDeploymentPostprocessing = 0;
		};
/* End PBXFrameworksBuildPhase section */

/* Begin PBXGroup section */
		62281CE125C3BDF8007AC435 = {
			isa = PBXGroup;
			children = (
				62281CEC25C3BDF8007AC435 /* DogBreedsApp */,
				62281CEB25C3BDF8007AC435 /* Products */,
			);
			sourceTree = "<group>";
		};
		62281CEB25C3BDF8007AC435 /* Products */ = {
			isa = PBXGroup;
			children = (
				62281CEA25C3BDF8007AC435 /* DogBreedsApp.app */,
			);
			name = Products;
			sourceTree = "<group>";
		};
		62281CEC25C3BDF8007AC435 /* DogBreedsApp */ = {
			isa = PBXGroup;
			children = (
				62281D0225C3BE14007AC435 /* Resurces */,
				62281CF125C3BDF8007AC435 /* ViewController.swift */,
				62281CF325C3BDF8007AC435 /* Main.storyboard */,
				62281CF825C3BDF9007AC435 /* LaunchScreen.storyboard */,
				62281CFB25C3BDF9007AC435 /* Info.plist */,
				62281D0425C3BF16007AC435 /* Breed.swift */,
				62281D0725C3BF28007AC435 /* SubBreedController.swift */,
				62281D0A25C3BF3F007AC435 /* SubBreedImageTableViewCell.swift */,
				62281D0D25C3BF57007AC435 /* SubBreedImagesTableViewController.swift */,
				62281D1025C3BF67007AC435 /* SubBreedListTableViewController.swift */,
				62281D1325C3BF74007AC435 /* BreedListTableViewController.swift */,
				62281D1625C3C015007AC435 /* NetworkError.swift */,
			);
			path = DogBreedsApp;
			sourceTree = "<group>";
		};
		62281D0225C3BE14007AC435 /* Resurces */ = {
			isa = PBXGroup;
			children = (
				62281CED25C3BDF8007AC435 /* AppDelegate.swift */,
				62281CEF25C3BDF8007AC435 /* SceneDelegate.swift */,
				62281CF625C3BDF9007AC435 /* Assets.xcassets */,
			);
			path = Resurces;
			sourceTree = "<group>";
		};
/* End PBXGroup section */

/* Begin PBXNativeTarget section */
		62281CE925C3BDF8007AC435 /* DogBreedsApp */ = {
			isa = PBXNativeTarget;
			buildConfigurationList = 62281CFE25C3BDF9007AC435 /* Build configuration list for PBXNativeTarget "DogBreedsApp" */;
			buildPhases = (
				62281CE625C3BDF8007AC435 /* Sources */,
				62281CE725C3BDF8007AC435 /* Frameworks */,
				62281CE825C3BDF8007AC435 /* Resources */,
			);
			buildRules = (
			);
			dependencies = (
			);
			name = DogBreedsApp;
			productName = DogBreedsApp;
			productReference = 62281CEA25C3BDF8007AC435 /* DogBreedsApp.app */;
			productType = "com.apple.product-type.application";
		};
/* End PBXNativeTarget section */

/* Begin PBXProject section */
		62281CE225C3BDF8007AC435 /* Project object */ = {
			isa = PBXProject;
			attributes = {
				LastSwiftUpdateCheck = 1240;
				LastUpgradeCheck = 1240;
				TargetAttributes = {
					62281CE925C3BDF8007AC435 = {
						CreatedOnToolsVersion = 12.4;
					};
				};
			};
			buildConfigurationList = 62281CE525C3BDF8007AC435 /* Build configuration list for PBXProject "DogBreedsApp" */;
			compatibilityVersion = "Xcode 9.3";
			developmentRegion = en;
			hasScannedForEncodings = 0;
			knownRegions = (
				en,
				Base,
			);
			mainGroup = 62281CE125C3BDF8007AC435;
			productRefGroup = 62281CEB25C3BDF8007AC435 /* Products */;
			projectDirPath = "";
			projectRoot = "";
			targets = (
				62281CE925C3BDF8007AC435 /* DogBreedsApp */,
			);
		};
/* End PBXProject section */

/* Begin PBXResourcesBuildPhase section */
		62281CE825C3BDF8007AC435 /* Resources */ = {
			isa = PBXResourcesBuildPhase;
			buildActionMask = 2147483647;
			files = (
				62281CFA25C3BDF9007AC435 /* LaunchScreen.storyboard in Resources */,
				62281CF725C3BDF9007AC435 /* Assets.xcassets in Resources */,
				62281CF525C3BDF8007AC435 /* Main.storyboard in Resources */,
			);
			runOnlyForDeploymentPostprocessing = 0;
		};
/* End PBXResourcesBuildPhase section */

/* Begin PBXSourcesBuildPhase section */
		62281CE625C3BDF8007AC435 /* Sources */ = {
			isa = PBXSourcesBuildPhase;
			buildActionMask = 2147483647;
			files = (
				62281D0525C3BF16007AC435 /* Breed.swift in Sources */,
				62281CF225C3BDF8007AC435 /* ViewController.swift in Sources */,
				62281CEE25C3BDF8007AC435 /* AppDelegate.swift in Sources */,
				62281CF025C3BDF8007AC435 /* SceneDelegate.swift in Sources */,
				62281D0B25C3BF3F007AC435 /* SubBreedImageTableViewCell.swift in Sources */,
				62281D1425C3BF74007AC435 /* BreedListTableViewController.swift in Sources */,
				62281D0825C3BF28007AC435 /* SubBreedController.swift in Sources */,
				62281D0E25C3BF57007AC435 /* SubBreedImagesTableViewController.swift in Sources */,
				62281D1125C3BF67007AC435 /* SubBreedListTableViewController.swift in Sources */,
				62281D1725C3C015007AC435 /* NetworkError.swift in Sources */,
			);
			runOnlyForDeploymentPostprocessing = 0;
		};
/* End PBXSourcesBuildPhase section */

/* Begin PBXVariantGroup section */
		62281CF325C3BDF8007AC435 /* Main.storyboard */ = {
			isa = PBXVariantGroup;
			children = (
				62281CF425C3BDF8007AC435 /* Base */,
			);
			name = Main.storyboard;
			sourceTree = "<group>";
		};
		62281CF825C3BDF9007AC435 /* LaunchScreen.storyboard */ = {
			isa = PBXVariantGroup;
			children = (
				62281CF925C3BDF9007AC435 /* Base */,
			);
			name = LaunchScreen.storyboard;
			sourceTree = "<group>";
		};
/* End PBXVariantGroup section */

/* Begin XCBuildConfiguration section */
		62281CFC25C3BDF9007AC435 /* Debug */ = {
			isa = XCBuildConfiguration;
			buildSettings = {
				ALWAYS_SEARCH_USER_PATHS = NO;
				CLANG_ANALYZER_NONNULL = YES;
				CLANG_ANALYZER_NUMBER_OBJECT_CONVERSION = YES_AGGRESSIVE;
				CLANG_CXX_LANGUAGE_STANDARD = "gnu++14";
				CLANG_CXX_LIBRARY = "libc++";
				CLANG_ENABLE_MODULES = YES;
				CLANG_ENABLE_OBJC_ARC = YES;
				CLANG_ENABLE_OBJC_WEAK = YES;
				CLANG_WARN_BLOCK_CAPTURE_AUTORELEASING = YES;
				CLANG_WARN_BOOL_CONVERSION = YES;
				CLANG_WARN_COMMA = YES;
				CLANG_WARN_CONSTANT_CONVERSION = YES;
				CLANG_WARN_DEPRECATED_OBJC_IMPLEMENTATIONS = YES;
				CLANG_WARN_DIRECT_OBJC_ISA_USAGE = YES_ERROR;
				CLANG_WARN_DOCUMENTATION_COMMENTS = YES;
				CLANG_WARN_EMPTY_BODY = YES;
				CLANG_WARN_ENUM_CONVERSION = YES;
				CLANG_WARN_INFINITE_RECURSION = YES;
				CLANG_WARN_INT_CONVERSION = YES;
				CLANG_WARN_NON_LITERAL_NULL_CONVERSION = YES;
				CLANG_WARN_OBJC_IMPLICIT_RETAIN_SELF = YES;
				CLANG_WARN_OBJC_LITERAL_CONVERSION = YES;
				CLANG_WARN_OBJC_ROOT_CLASS = YES_ERROR;
				CLANG_WARN_QUOTED_INCLUDE_IN_FRAMEWORK_HEADER = YES;
				CLANG_WARN_RANGE_LOOP_ANALYSIS = YES;
				CLANG_WARN_STRICT_PROTOTYPES = YES;
				CLANG_WARN_SUSPICIOUS_MOVE = YES;
				CLANG_WARN_UNGUARDED_AVAILABILITY = YES_AGGRESSIVE;
				CLANG_WARN_UNREACHABLE_CODE = YES;
				CLANG_WARN__DUPLICATE_METHOD_MATCH = YES;
				COPY_PHASE_STRIP = NO;
				DEBUG_INFORMATION_FORMAT = dwarf;
				ENABLE_STRICT_OBJC_MSGSEND = YES;
				ENABLE_TESTABILITY = YES;
				GCC_C_LANGUAGE_STANDARD = gnu11;
				GCC_DYNAMIC_NO_PIC = NO;
				GCC_NO_COMMON_BLOCKS = YES;
				GCC_OPTIMIZATION_LEVEL = 0;
				GCC_PREPROCESSOR_DEFINITIONS = (
					"DEBUG=1",
					"$(inherited)",
				);
				GCC_WARN_64_TO_32_BIT_CONVERSION = YES;
				GCC_WARN_ABOUT_RETURN_TYPE = YES_ERROR;
				GCC_WARN_UNDECLARED_SELECTOR = YES;
				GCC_WARN_UNINITIALIZED_AUTOS = YES_AGGRESSIVE;
				GCC_WARN_UNUSED_FUNCTION = YES;
				GCC_WARN_UNUSED_VARIABLE = YES;
				IPHONEOS_DEPLOYMENT_TARGET = 14.4;
				MTL_ENABLE_DEBUG_INFO = INCLUDE_SOURCE;
				MTL_FAST_MATH = YES;
				ONLY_ACTIVE_ARCH = YES;
				SDKROOT = iphoneos;
				SWIFT_ACTIVE_COMPILATION_CONDITIONS = DEBUG;
				SWIFT_OPTIMIZATION_LEVEL = "-Onone";
			};
			name = Debug;
		};
		62281CFD25C3BDF9007AC435 /* Release */ = {
			isa = XCBuildConfiguration;
			buildSettings = {
				ALWAYS_SEARCH_USER_PATHS = NO;
				CLANG_ANALYZER_NONNULL = YES;
				CLANG_ANALYZER_NUMBER_OBJECT_CONVERSION = YES_AGGRESSIVE;
				CLANG_CXX_LANGUAGE_STANDARD = "gnu++14";
				CLANG_CXX_LIBRARY = "libc++";
				CLANG_ENABLE_MODULES = YES;
				CLANG_ENABLE_OBJC_ARC = YES;
				CLANG_ENABLE_OBJC_WEAK = YES;
				CLANG_WARN_BLOCK_CAPTURE_AUTORELEASING = YES;
				CLANG_WARN_BOOL_CONVERSION = YES;
				CLANG_WARN_COMMA = YES;
				CLANG_WARN_CONSTANT_CONVERSION = YES;
				CLANG_WARN_DEPRECATED_OBJC_IMPLEMENTATIONS = YES;
				CLANG_WARN_DIRECT_OBJC_ISA_USAGE = YES_ERROR;
				CLANG_WARN_DOCUMENTATION_COMMENTS = YES;
				CLANG_WARN_EMPTY_BODY = YES;
				CLANG_WARN_ENUM_CONVERSION = YES;
				CLANG_WARN_INFINITE_RECURSION = YES;
				CLANG_WARN_INT_CONVERSION = YES;
				CLANG_WARN_NON_LITERAL_NULL_CONVERSION = YES;
				CLANG_WARN_OBJC_IMPLICIT_RETAIN_SELF = YES;
				CLANG_WARN_OBJC_LITERAL_CONVERSION = YES;
				CLANG_WARN_OBJC_ROOT_CLASS = YES_ERROR;
				CLANG_WARN_QUOTED_INCLUDE_IN_FRAMEWORK_HEADER = YES;
				CLANG_WARN_RANGE_LOOP_ANALYSIS = YES;
				CLANG_WARN_STRICT_PROTOTYPES = YES;
				CLANG_WARN_SUSPICIOUS_MOVE = YES;
				CLANG_WARN_UNGUARDED_AVAILABILITY = YES_AGGRESSIVE;
				CLANG_WARN_UNREACHABLE_CODE = YES;
				CLANG_WARN__DUPLICATE_METHOD_MATCH = YES;
				COPY_PHASE_STRIP = NO;
				DEBUG_INFORMATION_FORMAT = "dwarf-with-dsym";
				ENABLE_NS_ASSERTIONS = NO;
				ENABLE_STRICT_OBJC_MSGSEND = YES;
				GCC_C_LANGUAGE_STANDARD = gnu11;
				GCC_NO_COMMON_BLOCKS = YES;
				GCC_WARN_64_TO_32_BIT_CONVERSION = YES;
				GCC_WARN_ABOUT_RETURN_TYPE = YES_ERROR;
				GCC_WARN_UNDECLARED_SELECTOR = YES;
				GCC_WARN_UNINITIALIZED_AUTOS = YES_AGGRESSIVE;
				GCC_WARN_UNUSED_FUNCTION = YES;
				GCC_WARN_UNUSED_VARIABLE = YES;
				IPHONEOS_DEPLOYMENT_TARGET = 14.4;
				MTL_ENABLE_DEBUG_INFO = NO;
				MTL_FAST_MATH = YES;
				SDKROOT = iphoneos;
				SWIFT_COMPILATION_MODE = wholemodule;
				SWIFT_OPTIMIZATION_LEVEL = "-O";
				VALIDATE_PRODUCT = YES;
			};
			name = Release;
		};
		62281CFF25C3BDF9007AC435 /* Debug */ = {
			isa = XCBuildConfiguration;
			buildSettings = {
				ASSETCATALOG_COMPILER_APPICON_NAME = AppIcon;
				ASSETCATALOG_COMPILER_GLOBAL_ACCENT_COLOR_NAME = AccentColor;
				CODE_SIGN_STYLE = Automatic;
				DEVELOPMENT_TEAM = QYHXM7HJ4V;
				INFOPLIST_FILE = DogBreedsApp/Info.plist;
				LD_RUNPATH_SEARCH_PATHS = (
					"$(inherited)",
					"@executable_path/Frameworks",
				);
				PRODUCT_BUNDLE_IDENTIFIER = com.bentincher.DogBreedsApp;
				PRODUCT_NAME = "$(TARGET_NAME)";
				SWIFT_VERSION = 5.0;
				TARGETED_DEVICE_FAMILY = "1,2";
			};
			name = Debug;
		};
		62281D0025C3BDF9007AC435 /* Release */ = {
			isa = XCBuildConfiguration;
			buildSettings = {
				ASSETCATALOG_COMPILER_APPICON_NAME = AppIcon;
				ASSETCATALOG_COMPILER_GLOBAL_ACCENT_COLOR_NAME = AccentColor;
				CODE_SIGN_STYLE = Automatic;
				DEVELOPMENT_TEAM = QYHXM7HJ4V;
				INFOPLIST_FILE = DogBreedsApp/Info.plist;
				LD_RUNPATH_SEARCH_PATHS = (
					"$(inherited)",
					"@executable_path/Frameworks",
				);
				PRODUCT_BUNDLE_IDENTIFIER = com.bentincher.DogBreedsApp;
				PRODUCT_NAME = "$(TARGET_NAME)";
				SWIFT_VERSION = 5.0;
				TARGETED_DEVICE_FAMILY = "1,2";
			};
			name = Release;
		};
/* End XCBuildConfiguration section */

/* Begin XCConfigurationList section */
		62281CE525C3BDF8007AC435 /* Build configuration list for PBXProject "DogBreedsApp" */ = {
			isa = XCConfigurationList;
			buildConfigurations = (
				62281CFC25C3BDF9007AC435 /* Debug */,
				62281CFD25C3BDF9007AC435 /* Release */,
			);
			defaultConfigurationIsVisible = 0;
			defaultConfigurationName = Release;
		};
		62281CFE25C3BDF9007AC435 /* Build configuration list for PBXNativeTarget "DogBreedsApp" */ = {
			isa = XCConfigurationList;
			buildConfigurations = (
				62281CFF25C3BDF9007AC435 /* Debug */,
				62281D0025C3BDF9007AC435 /* Release */,
			);
			defaultConfigurationIsVisible = 0;
			defaultConfigurationName = Release;
		};
/* End XCConfigurationList section */
	};
	rootObject = 62281CE225C3BDF8007AC435 /* Project object */;
}
